
Microsoft Visual Studio Solution File, Format Version 12.00
# Visual Studio Version 17
VisualStudioVersion = 17.7.34031.279
MinimumVisualStudioVersion = 10.0.40219.1
Project("{2150E333-8FDC-42A3-9474-1A3956D46DE8}") = "src", "src", "{A7EEA3A6-D026-421C-A70A-365E6D8B2653}"
EndProject
Project("{9A19103F-16F7-4668-BE54-9A1E7A4F7556}") = "CreditCardChallenge.Web", "src\CreditCardChallenge.Web\CreditCardChallenge.Web.csproj", "{4E09F294-817D-4FA0-82A9-8206D7AEFFD2}"
EndProject
Project("{FAE04EC0-301F-11D3-BF4B-00C04F79EFBC}") = "CreditCardChallenge.Api", "src\CreditCardChallenge.Api\CreditCardChallenge.Api.csproj", "{1C4D848A-2995-430A-8212-3A7D09D83A85}"
EndProject
Global
	GlobalSection(SolutionConfigurationPlatforms) = preSolution
		Debug|Any CPU = Debug|Any CPU
		Release|Any CPU = Release|Any CPU
	EndGlobalSection
	GlobalSection(ProjectConfigurationPlatforms) = postSolution
		{4E09F294-817D-4FA0-82A9-8206D7AEFFD2}.Debug|Any CPU.ActiveCfg = Debug|Any CPU
		{4E09F294-817D-4FA0-82A9-8206D7AEFFD2}.Debug|Any CPU.Build.0 = Debug|Any CPU
		{4E09F294-817D-4FA0-82A9-8206D7AEFFD2}.Release|Any CPU.ActiveCfg = Release|Any CPU
		{4E09F294-817D-4FA0-82A9-8206D7AEFFD2}.Release|Any CPU.Build.0 = Release|Any CPU
		{1C4D848A-2995-430A-8212-3A7D09D83A85}.Debug|Any CPU.ActiveCfg = Debug|Any CPU
		{1C4D848A-2995-430A-8212-3A7D09D83A85}.Debug|Any CPU.Build.0 = Debug|Any CPU
		{1C4D848A-2995-430A-8212-3A7D09D83A85}.Release|Any CPU.ActiveCfg = Release|Any CPU
		{1C4D848A-2995-430A-8212-3A7D09D83A85}.Release|Any CPU.Build.0 = Release|Any CPU
	EndGlobalSection
	GlobalSection(SolutionProperties) = preSolution
		HideSolutionNode = FALSE
	EndGlobalSection
	GlobalSection(NestedProjects) = preSolution
		{4E09F294-817D-4FA0-82A9-8206D7AEFFD2} = {A7EEA3A6-D026-421C-A70A-365E6D8B2653}
		{1C4D848A-2995-430A-8212-3A7D09D83A85} = {A7EEA3A6-D026-421C-A70A-365E6D8B2653}
	EndGlobalSection
	GlobalSection(ExtensibilityGlobals) = postSolution
		SolutionGuid = {9F765796-2EFB-4B31-B2A1-19F5F6DC7CE1}
	EndGlobalSection
EndGlobal
